// !$*UTF8*$!
{
	archiveVersion = 1;
	classes = {
	};
	objectVersion = 46;
	objects = {

/* Begin PBXBuildFile section */
		8318B644D5153354323CA129 /* libPods-WeiFan.a in Frameworks */ = {isa = PBXBuildFile; fileRef = 84EB4809A183EB6B1F241CC6 /* libPods-WeiFan.a */; };
		CF238C891D3DDB9B006AA2E3 /* main.m in Sources */ = {isa = PBXBuildFile; fileRef = CF238C881D3DDB9B006AA2E3 /* main.m */; };
		CF238C8C1D3DDB9B006AA2E3 /* AppDelegate.m in Sources */ = {isa = PBXBuildFile; fileRef = CF238C8B1D3DDB9B006AA2E3 /* AppDelegate.m */; };
		CF238C8F1D3DDB9B006AA2E3 /* ViewController.m in Sources */ = {isa = PBXBuildFile; fileRef = CF238C8E1D3DDB9B006AA2E3 /* ViewController.m */; };
		CF238C921D3DDB9B006AA2E3 /* Main.storyboard in Resources */ = {isa = PBXBuildFile; fileRef = CF238C901D3DDB9B006AA2E3 /* Main.storyboard */; };
		CF238C941D3DDB9B006AA2E3 /* Assets.xcassets in Resources */ = {isa = PBXBuildFile; fileRef = CF238C931D3DDB9B006AA2E3 /* Assets.xcassets */; };
		CF238C971D3DDB9B006AA2E3 /* LaunchScreen.storyboard in Resources */ = {isa = PBXBuildFile; fileRef = CF238C951D3DDB9B006AA2E3 /* LaunchScreen.storyboard */; };
		CF97FA661D40D580005BF0E7 /* ActivityModel.m in Sources */ = {isa = PBXBuildFile; fileRef = CF97FA651D40D580005BF0E7 /* ActivityModel.m */; };
		CF97FA6C1D40E363005BF0E7 /* NetManger.m in Sources */ = {isa = PBXBuildFile; fileRef = CF97FA6B1D40E363005BF0E7 /* NetManger.m */; };
		CF97FA731D40E615005BF0E7 /* ActivityViewModel.m in Sources */ = {isa = PBXBuildFile; fileRef = CF97FA721D40E614005BF0E7 /* ActivityViewModel.m */; };
		CF97FA7C1D40F228005BF0E7 /* ActivityCell.m in Sources */ = {isa = PBXBuildFile; fileRef = CF97FA7B1D40F228005BF0E7 /* ActivityCell.m */; };
		CFB47B201D3FA713002863C1 /* CustomTabBar.m in Sources */ = {isa = PBXBuildFile; fileRef = CFB47B1F1D3FA713002863C1 /* CustomTabBar.m */; };
		CFBFE1B91D47620E000C01F0 /* SearchViewController.m in Sources */ = {isa = PBXBuildFile; fileRef = CFBFE1B81D47620E000C01F0 /* SearchViewController.m */; };
		CFBFE1BD1D476918000C01F0 /* UserMy.m in Sources */ = {isa = PBXBuildFile; fileRef = CFBFE1BC1D476918000C01F0 /* UserMy.m */; };
		CFBFE1C01D4769BF000C01F0 /* HeaderViewCell.m in Sources */ = {isa = PBXBuildFile; fileRef = CFBFE1BF1D4769BF000C01F0 /* HeaderViewCell.m */; };
		CFBFE1C41D47826A000C01F0 /* FindTableViewController.m in Sources */ = {isa = PBXBuildFile; fileRef = CFBFE1C31D47826A000C01F0 /* FindTableViewController.m */; };
		CFBFE1CA1D4782AF000C01F0 /* FirstTableViewCell.m in Sources */ = {isa = PBXBuildFile; fileRef = CFBFE1C71D4782AF000C01F0 /* FirstTableViewCell.m */; };
		CFBFE1CB1D4782AF000C01F0 /* SecondTableViewCell.m in Sources */ = {isa = PBXBuildFile; fileRef = CFBFE1C91D4782AF000C01F0 /* SecondTableViewCell.m */; };
		CFBFE1D41D4787DD000C01F0 /* TodayCell.m in Sources */ = {isa = PBXBuildFile; fileRef = CFBFE1CD1D4787DD000C01F0 /* TodayCell.m */; };
		CFBFE1D51D4787DD000C01F0 /* ModelWorkersCell.m in Sources */ = {isa = PBXBuildFile; fileRef = CFBFE1CF1D4787DD000C01F0 /* ModelWorkersCell.m */; };
		CFBFE1D61D4787DD000C01F0 /* ReviewCell.m in Sources */ = {isa = PBXBuildFile; fileRef = CFBFE1D11D4787DD000C01F0 /* ReviewCell.m */; };
		CFBFE1D71D4787DD000C01F0 /* TagsCell.m in Sources */ = {isa = PBXBuildFile; fileRef = CFBFE1D31D4787DD000C01F0 /* TagsCell.m */; };
		CFBFE1DC1D478897000C01F0 /* RecommendationModel.m in Sources */ = {isa = PBXBuildFile; fileRef = CFBFE1DB1D478897000C01F0 /* RecommendationModel.m */; };
		CFBFE1DF1D47898C000C01F0 /* startraceViewController.m in Sources */ = {isa = PBXBuildFile; fileRef = CFBFE1DE1D47898C000C01F0 /* startraceViewController.m */; };
		CFBFE1E21D4789A3000C01F0 /* StartraceViewModel.m in Sources */ = {isa = PBXBuildFile; fileRef = CFBFE1E11D4789A3000C01F0 /* StartraceViewModel.m */; };
		CFC5C8991D3E040600F70B38 /* NSObject+Parse.m in Sources */ = {isa = PBXBuildFile; fileRef = CFC5C8921D3E040600F70B38 /* NSObject+Parse.m */; };
		CFC5C89A1D3E040600F70B38 /* NSString+YX.m in Sources */ = {isa = PBXBuildFile; fileRef = CFC5C8941D3E040600F70B38 /* NSString+YX.m */; };
		CFC5C89B1D3E040600F70B38 /* UIScrollView+Refresh.m in Sources */ = {isa = PBXBuildFile; fileRef = CFC5C8961D3E040600F70B38 /* UIScrollView+Refresh.m */; };
		CFC5C89C1D3E040600F70B38 /* UIView+HUD.m in Sources */ = {isa = PBXBuildFile; fileRef = CFC5C8981D3E040600F70B38 /* UIView+HUD.m */; };
		CFC5C89F1D3E041500F70B38 /* BaseNetworking.m in Sources */ = {isa = PBXBuildFile; fileRef = CFC5C89E1D3E041500F70B38 /* BaseNetworking.m */; };
		CFC5C8A21D3E042500F70B38 /* BaseViewModel.m in Sources */ = {isa = PBXBuildFile; fileRef = CFC5C8A11D3E042500F70B38 /* BaseViewModel.m */; };
		CFC5C8A61D3E13C900F70B38 /* MainTabBarView.m in Sources */ = {isa = PBXBuildFile; fileRef = CFC5C8A51D3E13C900F70B38 /* MainTabBarView.m */; };
		CFC5C8A91D3E144800F70B38 /* HomePageController.m in Sources */ = {isa = PBXBuildFile; fileRef = CFC5C8A81D3E144800F70B38 /* HomePageController.m */; };
		CFD3E5801D42532100DD5289 /* isEnd.png in Resources */ = {isa = PBXBuildFile; fileRef = CFD3E57F1D42532100DD5289 /* isEnd.png */; };
/* End PBXBuildFile section */

/* Begin PBXFileReference section */
		36C60BF564329857B3EE613C /* Pods-WeiFan.debug.xcconfig */ = {isa = PBXFileReference; includeInIndex = 1; lastKnownFileType = text.xcconfig; name = "Pods-WeiFan.debug.xcconfig"; path = "Pods/Target Support Files/Pods-WeiFan/Pods-WeiFan.debug.xcconfig"; sourceTree = "<group>"; };
		84EB4809A183EB6B1F241CC6 /* libPods-WeiFan.a */ = {isa = PBXFileReference; explicitFileType = archive.ar; includeInIndex = 0; path = "libPods-WeiFan.a"; sourceTree = BUILT_PRODUCTS_DIR; };
		9E70E8AE51F769BB84CF6A03 /* Pods-WeiFan.release.xcconfig */ = {isa = PBXFileReference; includeInIndex = 1; lastKnownFileType = text.xcconfig; name = "Pods-WeiFan.release.xcconfig"; path = "Pods/Target Support Files/Pods-WeiFan/Pods-WeiFan.release.xcconfig"; sourceTree = "<group>"; };
		CF238C841D3DDB9B006AA2E3 /* WeiFan.app */ = {isa = PBXFileReference; explicitFileType = wrapper.application; includeInIndex = 0; path = WeiFan.app; sourceTree = BUILT_PRODUCTS_DIR; };
		CF238C881D3DDB9B006AA2E3 /* main.m */ = {isa = PBXFileReference; lastKnownFileType = sourcecode.c.objc; path = main.m; sourceTree = "<group>"; };
		CF238C8A1D3DDB9B006AA2E3 /* AppDelegate.h */ = {isa = PBXFileReference; lastKnownFileType = sourcecode.c.h; path = AppDelegate.h; sourceTree = "<group>"; };
		CF238C8B1D3DDB9B006AA2E3 /* AppDelegate.m */ = {isa = PBXFileReference; lastKnownFileType = sourcecode.c.objc; path = AppDelegate.m; sourceTree = "<group>"; };
		CF238C8D1D3DDB9B006AA2E3 /* ViewController.h */ = {isa = PBXFileReference; lastKnownFileType = sourcecode.c.h; name = ViewController.h; path = WeiFan/ViewController.h; sourceTree = SOURCE_ROOT; };
		CF238C8E1D3DDB9B006AA2E3 /* ViewController.m */ = {isa = PBXFileReference; lastKnownFileType = sourcecode.c.objc; name = ViewController.m; path = WeiFan/ViewController.m; sourceTree = SOURCE_ROOT; };
		CF238C911D3DDB9B006AA2E3 /* Base */ = {isa = PBXFileReference; lastKnownFileType = file.storyboard; name = Base; path = Base.lproj/Main.storyboard; sourceTree = "<group>"; };
		CF238C931D3DDB9B006AA2E3 /* Assets.xcassets */ = {isa = PBXFileReference; lastKnownFileType = folder.assetcatalog; name = Assets.xcassets; path = ../Assets.xcassets; sourceTree = "<group>"; };
		CF238C961D3DDB9B006AA2E3 /* Base */ = {isa = PBXFileReference; lastKnownFileType = file.storyboard; name = Base; path = Base.lproj/LaunchScreen.storyboard; sourceTree = "<group>"; };
		CF238C981D3DDB9B006AA2E3 /* Info.plist */ = {isa = PBXFileReference; lastKnownFileType = text.plist.xml; path = Info.plist; sourceTree = "<group>"; };
		CF97FA641D40D580005BF0E7 /* ActivityModel.h */ = {isa = PBXFileReference; fileEncoding = 4; lastKnownFileType = sourcecode.c.h; path = ActivityModel.h; sourceTree = "<group>"; };
		CF97FA651D40D580005BF0E7 /* ActivityModel.m */ = {isa = PBXFileReference; fileEncoding = 4; lastKnownFileType = sourcecode.c.objc; path = ActivityModel.m; sourceTree = "<group>"; };
		CF97FA6A1D40E363005BF0E7 /* NetManger.h */ = {isa = PBXFileReference; fileEncoding = 4; lastKnownFileType = sourcecode.c.h; path = NetManger.h; sourceTree = "<group>"; };
		CF97FA6B1D40E363005BF0E7 /* NetManger.m */ = {isa = PBXFileReference; fileEncoding = 4; lastKnownFileType = sourcecode.c.objc; path = NetManger.m; sourceTree = "<group>"; };
		CF97FA6D1D40E418005BF0E7 /* RequestPath.h */ = {isa = PBXFileReference; lastKnownFileType = sourcecode.c.h; path = RequestPath.h; sourceTree = "<group>"; };
		CF97FA711D40E614005BF0E7 /* ActivityViewModel.h */ = {isa = PBXFileReference; fileEncoding = 4; lastKnownFileType = sourcecode.c.h; path = ActivityViewModel.h; sourceTree = "<group>"; };
		CF97FA721D40E614005BF0E7 /* ActivityViewModel.m */ = {isa = PBXFileReference; fileEncoding = 4; lastKnownFileType = sourcecode.c.objc; path = ActivityViewModel.m; sourceTree = "<group>"; };
		CF97FA7A1D40F228005BF0E7 /* ActivityCell.h */ = {isa = PBXFileReference; fileEncoding = 4; lastKnownFileType = sourcecode.c.h; path = ActivityCell.h; sourceTree = "<group>"; };
		CF97FA7B1D40F228005BF0E7 /* ActivityCell.m */ = {isa = PBXFileReference; fileEncoding = 4; lastKnownFileType = sourcecode.c.objc; path = ActivityCell.m; sourceTree = "<group>"; };
		CFB47B1E1D3FA713002863C1 /* CustomTabBar.h */ = {isa = PBXFileReference; fileEncoding = 4; lastKnownFileType = sourcecode.c.h; path = CustomTabBar.h; sourceTree = "<group>"; };
		CFB47B1F1D3FA713002863C1 /* CustomTabBar.m */ = {isa = PBXFileReference; fileEncoding = 4; lastKnownFileType = sourcecode.c.objc; path = CustomTabBar.m; sourceTree = "<group>"; };
		CFBFE1B71D47620E000C01F0 /* SearchViewController.h */ = {isa = PBXFileReference; fileEncoding = 4; lastKnownFileType = sourcecode.c.h; path = SearchViewController.h; sourceTree = "<group>"; };
		CFBFE1B81D47620E000C01F0 /* SearchViewController.m */ = {isa = PBXFileReference; fileEncoding = 4; lastKnownFileType = sourcecode.c.objc; path = SearchViewController.m; sourceTree = "<group>"; };
		CFBFE1BB1D476918000C01F0 /* UserMy.h */ = {isa = PBXFileReference; fileEncoding = 4; lastKnownFileType = sourcecode.c.h; path = UserMy.h; sourceTree = "<group>"; };
		CFBFE1BC1D476918000C01F0 /* UserMy.m */ = {isa = PBXFileReference; fileEncoding = 4; lastKnownFileType = sourcecode.c.objc; path = UserMy.m; sourceTree = "<group>"; };
		CFBFE1BE1D4769BF000C01F0 /* HeaderViewCell.h */ = {isa = PBXFileReference; fileEncoding = 4; lastKnownFileType = sourcecode.c.h; path = HeaderViewCell.h; sourceTree = "<group>"; };
		CFBFE1BF1D4769BF000C01F0 /* HeaderViewCell.m */ = {isa = PBXFileReference; fileEncoding = 4; lastKnownFileType = sourcecode.c.objc; path = HeaderViewCell.m; sourceTree = "<group>"; };
		CFBFE1C21D47826A000C01F0 /* FindTableViewController.h */ = {isa = PBXFileReference; fileEncoding = 4; lastKnownFileType = sourcecode.c.h; path = FindTableViewController.h; sourceTree = "<group>"; };
		CFBFE1C31D47826A000C01F0 /* FindTableViewController.m */ = {isa = PBXFileReference; fileEncoding = 4; lastKnownFileType = sourcecode.c.objc; path = FindTableViewController.m; sourceTree = "<group>"; };
		CFBFE1C61D4782AF000C01F0 /* FirstTableViewCell.h */ = {isa = PBXFileReference; fileEncoding = 4; lastKnownFileType = sourcecode.c.h; path = FirstTableViewCell.h; sourceTree = "<group>"; };
		CFBFE1C71D4782AF000C01F0 /* FirstTableViewCell.m */ = {isa = PBXFileReference; fileEncoding = 4; lastKnownFileType = sourcecode.c.objc; path = FirstTableViewCell.m; sourceTree = "<group>"; };
		CFBFE1C81D4782AF000C01F0 /* SecondTableViewCell.h */ = {isa = PBXFileReference; fileEncoding = 4; lastKnownFileType = sourcecode.c.h; path = SecondTableViewCell.h; sourceTree = "<group>"; };
		CFBFE1C91D4782AF000C01F0 /* SecondTableViewCell.m */ = {isa = PBXFileReference; fileEncoding = 4; lastKnownFileType = sourcecode.c.objc; path = SecondTableViewCell.m; sourceTree = "<group>"; };
		CFBFE1CC1D4787DD000C01F0 /* TodayCell.h */ = {isa = PBXFileReference; fileEncoding = 4; lastKnownFileType = sourcecode.c.h; path = TodayCell.h; sourceTree = "<group>"; };
		CFBFE1CD1D4787DD000C01F0 /* TodayCell.m */ = {isa = PBXFileReference; fileEncoding = 4; lastKnownFileType = sourcecode.c.objc; path = TodayCell.m; sourceTree = "<group>"; };
		CFBFE1CE1D4787DD000C01F0 /* ModelWorkersCell.h */ = {isa = PBXFileReference; fileEncoding = 4; lastKnownFileType = sourcecode.c.h; path = ModelWorkersCell.h; sourceTree = "<group>"; };
		CFBFE1CF1D4787DD000C01F0 /* ModelWorkersCell.m */ = {isa = PBXFileReference; fileEncoding = 4; lastKnownFileType = sourcecode.c.objc; path = ModelWorkersCell.m; sourceTree = "<group>"; };
		CFBFE1D01D4787DD000C01F0 /* ReviewCell.h */ = {isa = PBXFileReference; fileEncoding = 4; lastKnownFileType = sourcecode.c.h; path = ReviewCell.h; sourceTree = "<group>"; };
		CFBFE1D11D4787DD000C01F0 /* ReviewCell.m */ = {isa = PBXFileReference; fileEncoding = 4; lastKnownFileType = sourcecode.c.objc; path = ReviewCell.m; sourceTree = "<group>"; };
		CFBFE1D21D4787DD000C01F0 /* TagsCell.h */ = {isa = PBXFileReference; fileEncoding = 4; lastKnownFileType = sourcecode.c.h; path = TagsCell.h; sourceTree = "<group>"; };
		CFBFE1D31D4787DD000C01F0 /* TagsCell.m */ = {isa = PBXFileReference; fileEncoding = 4; lastKnownFileType = sourcecode.c.objc; path = TagsCell.m; sourceTree = "<group>"; };
		CFBFE1D91D478810000C01F0 /* XingZhongPath.h */ = {isa = PBXFileReference; lastKnownFileType = sourcecode.c.h; path = XingZhongPath.h; sourceTree = "<group>"; };
		CFBFE1DA1D478897000C01F0 /* RecommendationModel.h */ = {isa = PBXFileReference; fileEncoding = 4; lastKnownFileType = sourcecode.c.h; path = RecommendationModel.h; sourceTree = "<group>"; };
		CFBFE1DB1D478897000C01F0 /* RecommendationModel.m */ = {isa = PBXFileReference; fileEncoding = 4; lastKnownFileType = sourcecode.c.objc; path = RecommendationModel.m; sourceTree = "<group>"; };
		CFBFE1DD1D47898C000C01F0 /* startraceViewController.h */ = {isa = PBXFileReference; fileEncoding = 4; lastKnownFileType = sourcecode.c.h; path = startraceViewController.h; sourceTree = "<group>"; };
		CFBFE1DE1D47898C000C01F0 /* startraceViewController.m */ = {isa = PBXFileReference; fileEncoding = 4; lastKnownFileType = sourcecode.c.objc; path = startraceViewController.m; sourceTree = "<group>"; };
		CFBFE1E01D4789A3000C01F0 /* StartraceViewModel.h */ = {isa = PBXFileReference; fileEncoding = 4; lastKnownFileType = sourcecode.c.h; path = StartraceViewModel.h; sourceTree = "<group>"; };
		CFBFE1E11D4789A3000C01F0 /* StartraceViewModel.m */ = {isa = PBXFileReference; fileEncoding = 4; lastKnownFileType = sourcecode.c.objc; path = StartraceViewModel.m; sourceTree = "<group>"; };
		CFC5C8901D3E02F400F70B38 /* PrefixHeader.pch */ = {isa = PBXFileReference; lastKnownFileType = sourcecode.c.h; path = PrefixHeader.pch; sourceTree = "<group>"; };
		CFC5C8911D3E040600F70B38 /* NSObject+Parse.h */ = {isa = PBXFileReference; fileEncoding = 4; lastKnownFileType = sourcecode.c.h; path = "NSObject+Parse.h"; sourceTree = "<group>"; };
		CFC5C8921D3E040600F70B38 /* NSObject+Parse.m */ = {isa = PBXFileReference; fileEncoding = 4; lastKnownFileType = sourcecode.c.objc; path = "NSObject+Parse.m"; sourceTree = "<group>"; };
		CFC5C8931D3E040600F70B38 /* NSString+YX.h */ = {isa = PBXFileReference; fileEncoding = 4; lastKnownFileType = sourcecode.c.h; path = "NSString+YX.h"; sourceTree = "<group>"; };
		CFC5C8941D3E040600F70B38 /* NSString+YX.m */ = {isa = PBXFileReference; fileEncoding = 4; lastKnownFileType = sourcecode.c.objc; path = "NSString+YX.m"; sourceTree = "<group>"; };
		CFC5C8951D3E040600F70B38 /* UIScrollView+Refresh.h */ = {isa = PBXFileReference; fileEncoding = 4; lastKnownFileType = sourcecode.c.h; path = "UIScrollView+Refresh.h"; sourceTree = "<group>"; };
		CFC5C8961D3E040600F70B38 /* UIScrollView+Refresh.m */ = {isa = PBXFileReference; fileEncoding = 4; lastKnownFileType = sourcecode.c.objc; path = "UIScrollView+Refresh.m"; sourceTree = "<group>"; };
		CFC5C8971D3E040600F70B38 /* UIView+HUD.h */ = {isa = PBXFileReference; fileEncoding = 4; lastKnownFileType = sourcecode.c.h; path = "UIView+HUD.h"; sourceTree = "<group>"; };
		CFC5C8981D3E040600F70B38 /* UIView+HUD.m */ = {isa = PBXFileReference; fileEncoding = 4; lastKnownFileType = sourcecode.c.objc; path = "UIView+HUD.m"; sourceTree = "<group>"; };
		CFC5C89D1D3E041500F70B38 /* BaseNetworking.h */ = {isa = PBXFileReference; fileEncoding = 4; lastKnownFileType = sourcecode.c.h; path = BaseNetworking.h; sourceTree = "<group>"; };
		CFC5C89E1D3E041500F70B38 /* BaseNetworking.m */ = {isa = PBXFileReference; fileEncoding = 4; lastKnownFileType = sourcecode.c.objc; path = BaseNetworking.m; sourceTree = "<group>"; };
		CFC5C8A01D3E042500F70B38 /* BaseViewModel.h */ = {isa = PBXFileReference; fileEncoding = 4; lastKnownFileType = sourcecode.c.h; path = BaseViewModel.h; sourceTree = "<group>"; };
		CFC5C8A11D3E042500F70B38 /* BaseViewModel.m */ = {isa = PBXFileReference; fileEncoding = 4; lastKnownFileType = sourcecode.c.objc; path = BaseViewModel.m; sourceTree = "<group>"; };
		CFC5C8A41D3E13C900F70B38 /* MainTabBarView.h */ = {isa = PBXFileReference; fileEncoding = 4; lastKnownFileType = sourcecode.c.h; path = MainTabBarView.h; sourceTree = "<group>"; };
		CFC5C8A51D3E13C900F70B38 /* MainTabBarView.m */ = {isa = PBXFileReference; fileEncoding = 4; lastKnownFileType = sourcecode.c.objc; path = MainTabBarView.m; sourceTree = "<group>"; };
		CFC5C8A71D3E144800F70B38 /* HomePageController.h */ = {isa = PBXFileReference; fileEncoding = 4; lastKnownFileType = sourcecode.c.h; path = HomePageController.h; sourceTree = "<group>"; };
		CFC5C8A81D3E144800F70B38 /* HomePageController.m */ = {isa = PBXFileReference; fileEncoding = 4; lastKnownFileType = sourcecode.c.objc; path = HomePageController.m; sourceTree = "<group>"; };
		CFD3E57F1D42532100DD5289 /* isEnd.png */ = {isa = PBXFileReference; lastKnownFileType = image.png; path = isEnd.png; sourceTree = "<group>"; };
/* End PBXFileReference section */

/* Begin PBXFrameworksBuildPhase section */
		CF238C811D3DDB9B006AA2E3 /* Frameworks */ = {
			isa = PBXFrameworksBuildPhase;
			buildActionMask = 2147483647;
			files = (
				8318B644D5153354323CA129 /* libPods-WeiFan.a in Frameworks */,
			);
			runOnlyForDeploymentPostprocessing = 0;
		};
/* End PBXFrameworksBuildPhase section */

/* Begin PBXGroup section */
		BD1C3BFBECD8A4F58B85F3AE /* Pods */ = {
			isa = PBXGroup;
			children = (
				36C60BF564329857B3EE613C /* Pods-WeiFan.debug.xcconfig */,
				9E70E8AE51F769BB84CF6A03 /* Pods-WeiFan.release.xcconfig */,
			);
			name = Pods;
			sourceTree = "<group>";
		};
		C35B2089873021F2C843AC8D /* Frameworks */ = {
			isa = PBXGroup;
			children = (
				84EB4809A183EB6B1F241CC6 /* libPods-WeiFan.a */,
			);
			name = Frameworks;
			sourceTree = "<group>";
		};
		CF238C7B1D3DDB9B006AA2E3 = {
			isa = PBXGroup;
			children = (
				CF97FA611D40D539005BF0E7 /* Define */,
				CF97FA631D40D539005BF0E7 /* Vender */,
				CF238C861D3DDB9B006AA2E3 /* WeiFan */,
				CF238C851D3DDB9B006AA2E3 /* Products */,
				BD1C3BFBECD8A4F58B85F3AE /* Pods */,
				C35B2089873021F2C843AC8D /* Frameworks */,
			);
			sourceTree = "<group>";
		};
		CF238C851D3DDB9B006AA2E3 /* Products */ = {
			isa = PBXGroup;
			children = (
				CF238C841D3DDB9B006AA2E3 /* WeiFan.app */,
			);
			name = Products;
			sourceTree = "<group>";
		};
		CF238C861D3DDB9B006AA2E3 /* WeiFan */ = {
			isa = PBXGroup;
			children = (
				CF238C8A1D3DDB9B006AA2E3 /* AppDelegate.h */,
				CF238C8B1D3DDB9B006AA2E3 /* AppDelegate.m */,
				CF238C9E1D3E0278006AA2E3 /* Category */,
				CF97FA621D40D539005BF0E7 /* Model */,
				CF238CA01D3E0278006AA2E3 /* NetManger */,
				CF238CA11D3E0278006AA2E3 /* Resource */,
				CF238CA21D3E0278006AA2E3 /* Vender */,
				CF238CA31D3E0278006AA2E3 /* View */,
				CF238CA41D3E0278006AA2E3 /* ViewController */,
				CF238CA51D3E0278006AA2E3 /* ViewModel */,
				CF238C871D3DDB9B006AA2E3 /* Supporting Files */,
			);
			path = WeiFan;
			sourceTree = "<group>";
		};
		CF238C871D3DDB9B006AA2E3 /* Supporting Files */ = {
			isa = PBXGroup;
			children = (
				CF238C981D3DDB9B006AA2E3 /* Info.plist */,
				CF238C881D3DDB9B006AA2E3 /* main.m */,
				CFC5C8901D3E02F400F70B38 /* PrefixHeader.pch */,
			);
			name = "Supporting Files";
			sourceTree = "<group>";
		};
		CF238C9E1D3E0278006AA2E3 /* Category */ = {
			isa = PBXGroup;
			children = (
				CFC5C8911D3E040600F70B38 /* NSObject+Parse.h */,
				CFC5C8921D3E040600F70B38 /* NSObject+Parse.m */,
				CFC5C8931D3E040600F70B38 /* NSString+YX.h */,
				CFC5C8941D3E040600F70B38 /* NSString+YX.m */,
				CFC5C8951D3E040600F70B38 /* UIScrollView+Refresh.h */,
				CFC5C8961D3E040600F70B38 /* UIScrollView+Refresh.m */,
				CFC5C8971D3E040600F70B38 /* UIView+HUD.h */,
				CFC5C8981D3E040600F70B38 /* UIView+HUD.m */,
			);
			path = Category;
			sourceTree = "<group>";
		};
		CF238CA01D3E0278006AA2E3 /* NetManger */ = {
			isa = PBXGroup;
			children = (
				CFC5C89D1D3E041500F70B38 /* BaseNetworking.h */,
				CFC5C89E1D3E041500F70B38 /* BaseNetworking.m */,
				CF97FA6A1D40E363005BF0E7 /* NetManger.h */,
				CF97FA6B1D40E363005BF0E7 /* NetManger.m */,
			);
			path = NetManger;
			sourceTree = "<group>";
		};
		CF238CA11D3E0278006AA2E3 /* Resource */ = {
			isa = PBXGroup;
			children = (
				CFB47B091D3FA336002863C1 /* image */,
				CF238C901D3DDB9B006AA2E3 /* Main.storyboard */,
				CF238C931D3DDB9B006AA2E3 /* Assets.xcassets */,
				CF238C951D3DDB9B006AA2E3 /* LaunchScreen.storyboard */,
			);
			path = Resource;
			sourceTree = "<group>";
		};
		CF238CA21D3E0278006AA2E3 /* Vender */ = {
			isa = PBXGroup;
			children = (
			);
			path = Vender;
			sourceTree = "<group>";
		};
		CF238CA31D3E0278006AA2E3 /* View */ = {
			isa = PBXGroup;
			children = (
				CF97FA781D40F1E4005BF0E7 /* CustomCell */,
				CF97FA741D40F1AA005BF0E7 /* CustomTabBar */,
				CFC5C8A31D3E139E00F70B38 /* MainTabBar */,
			);
			path = View;
			sourceTree = "<group>";
		};
		CF238CA41D3E0278006AA2E3 /* ViewController */ = {
			isa = PBXGroup;
			children = (
				CFBFE1BA1D476908000C01F0 /* UserView */,
				CF238C8D1D3DDB9B006AA2E3 /* ViewController.h */,
				CF238C8E1D3DDB9B006AA2E3 /* ViewController.m */,
				CFBFE1DD1D47898C000C01F0 /* startraceViewController.h */,
				CFBFE1DE1D47898C000C01F0 /* startraceViewController.m */,
			);
			path = ViewController;
			sourceTree = "<group>";
		};
		CF238CA51D3E0278006AA2E3 /* ViewModel */ = {
			isa = PBXGroup;
			children = (
				CFC5C8A01D3E042500F70B38 /* BaseViewModel.h */,
				CFC5C8A11D3E042500F70B38 /* BaseViewModel.m */,
				CF97FA711D40E614005BF0E7 /* ActivityViewModel.h */,
				CF97FA721D40E614005BF0E7 /* ActivityViewModel.m */,
				CFBFE1E01D4789A3000C01F0 /* StartraceViewModel.h */,
				CFBFE1E11D4789A3000C01F0 /* StartraceViewModel.m */,
			);
			path = ViewModel;
			sourceTree = "<group>";
		};
		CF97FA611D40D539005BF0E7 /* Define */ = {
			isa = PBXGroup;
			children = (
				CF97FA6D1D40E418005BF0E7 /* RequestPath.h */,
				CFBFE1D91D478810000C01F0 /* XingZhongPath.h */,
			);
			name = Define;
			path = WeiFan/Define;
			sourceTree = "<group>";
		};
		CF97FA621D40D539005BF0E7 /* Model */ = {
			isa = PBXGroup;
			children = (
				CFBFE1DA1D478897000C01F0 /* RecommendationModel.h */,
				CFBFE1DB1D478897000C01F0 /* RecommendationModel.m */,
				CF97FA641D40D580005BF0E7 /* ActivityModel.h */,
				CF97FA651D40D580005BF0E7 /* ActivityModel.m */,
			);
			path = Model;
			sourceTree = "<group>";
		};
		CF97FA631D40D539005BF0E7 /* Vender */ = {
			isa = PBXGroup;
			children = (
			);
			name = Vender;
			path = WeiFan/Vender;
			sourceTree = "<group>";
		};
		CF97FA741D40F1AA005BF0E7 /* CustomTabBar */ = {
			isa = PBXGroup;
			children = (
				CFB47B1E1D3FA713002863C1 /* CustomTabBar.h */,
				CFB47B1F1D3FA713002863C1 /* CustomTabBar.m */,
			);
			name = CustomTabBar;
			sourceTree = "<group>";
		};
		CF97FA781D40F1E4005BF0E7 /* CustomCell */ = {
			isa = PBXGroup;
			children = (
				CFBFE1C11D4769C7000C01F0 /* UserCell */,
				CFBFE1D81D4787E1000C01F0 /* 星踪Cell */,
				CFBFE1C51D4782A1000C01F0 /* FindCell */,
				CF97FA791D40F1FB005BF0E7 /* ActivityCell */,
			);
			name = CustomCell;
			sourceTree = "<group>";
		};
		CF97FA791D40F1FB005BF0E7 /* ActivityCell */ = {
			isa = PBXGroup;
			children = (
				CF97FA7A1D40F228005BF0E7 /* ActivityCell.h */,
				CF97FA7B1D40F228005BF0E7 /* ActivityCell.m */,
			);
			name = ActivityCell;
			sourceTree = "<group>";
		};
		CFB47B091D3FA336002863C1 /* image */ = {
			isa = PBXGroup;
			children = (
				CFD3E57F1D42532100DD5289 /* isEnd.png */,
			);
			path = image;
			sourceTree = "<group>";
		};
		CFBFE1BA1D476908000C01F0 /* UserView */ = {
			isa = PBXGroup;
			children = (
				CFBFE1BB1D476918000C01F0 /* UserMy.h */,
				CFBFE1BC1D476918000C01F0 /* UserMy.m */,
			);
			name = UserView;
			sourceTree = "<group>";
		};
		CFBFE1C11D4769C7000C01F0 /* UserCell */ = {
			isa = PBXGroup;
			children = (
				CFBFE1BE1D4769BF000C01F0 /* HeaderViewCell.h */,
				CFBFE1BF1D4769BF000C01F0 /* HeaderViewCell.m */,
			);
			name = UserCell;
			sourceTree = "<group>";
		};
		CFBFE1C51D4782A1000C01F0 /* FindCell */ = {
			isa = PBXGroup;
			children = (
				CFBFE1C61D4782AF000C01F0 /* FirstTableViewCell.h */,
				CFBFE1C71D4782AF000C01F0 /* FirstTableViewCell.m */,
				CFBFE1C81D4782AF000C01F0 /* SecondTableViewCell.h */,
				CFBFE1C91D4782AF000C01F0 /* SecondTableViewCell.m */,
			);
			name = FindCell;
			sourceTree = "<group>";
		};
		CFBFE1D81D4787E1000C01F0 /* 星踪Cell */ = {
			isa = PBXGroup;
			children = (
				CFBFE1CC1D4787DD000C01F0 /* TodayCell.h */,
				CFBFE1CD1D4787DD000C01F0 /* TodayCell.m */,
				CFBFE1CE1D4787DD000C01F0 /* ModelWorkersCell.h */,
				CFBFE1CF1D4787DD000C01F0 /* ModelWorkersCell.m */,
				CFBFE1D01D4787DD000C01F0 /* ReviewCell.h */,
				CFBFE1D11D4787DD000C01F0 /* ReviewCell.m */,
				CFBFE1D21D4787DD000C01F0 /* TagsCell.h */,
				CFBFE1D31D4787DD000C01F0 /* TagsCell.m */,
			);
			name = "星踪Cell";
			sourceTree = "<group>";
		};
		CFC5C8A31D3E139E00F70B38 /* MainTabBar */ = {
			isa = PBXGroup;
			children = (
				CFC5C8A41D3E13C900F70B38 /* MainTabBarView.h */,
				CFC5C8A51D3E13C900F70B38 /* MainTabBarView.m */,
				CFC5C8A71D3E144800F70B38 /* HomePageController.h */,
				CFC5C8A81D3E144800F70B38 /* HomePageController.m */,
				CFBFE1C21D47826A000C01F0 /* FindTableViewController.h */,
				CFBFE1C31D47826A000C01F0 /* FindTableViewController.m */,
				CFBFE1B71D47620E000C01F0 /* SearchViewController.h */,
				CFBFE1B81D47620E000C01F0 /* SearchViewController.m */,
			);
			name = MainTabBar;
			path = WeiFan/ViewController/MainTabBar;
			sourceTree = SOURCE_ROOT;
		};
/* End PBXGroup section */

/* Begin PBXNativeTarget section */
		CF238C831D3DDB9B006AA2E3 /* WeiFan */ = {
			isa = PBXNativeTarget;
			buildConfigurationList = CF238C9B1D3DDB9B006AA2E3 /* Build configuration list for PBXNativeTarget "WeiFan" */;
			buildPhases = (
				304BB8F70C554AC2FC70D09A /* [CP] Check Pods Manifest.lock */,
				CF238C801D3DDB9B006AA2E3 /* Sources */,
				CF238C811D3DDB9B006AA2E3 /* Frameworks */,
				CF238C821D3DDB9B006AA2E3 /* Resources */,
				74718FC39CE55F2262CBDB44 /* [CP] Embed Pods Frameworks */,
				636E8EC71074E66F45FB90CC /* [CP] Copy Pods Resources */,
			);
			buildRules = (
			);
			dependencies = (
			);
			name = WeiFan;
			productName = WeiFan;
			productReference = CF238C841D3DDB9B006AA2E3 /* WeiFan.app */;
			productType = "com.apple.product-type.application";
		};
/* End PBXNativeTarget section */

/* Begin PBXProject section */
		CF238C7C1D3DDB9B006AA2E3 /* Project object */ = {
			isa = PBXProject;
			attributes = {
				LastUpgradeCheck = 0720;
				ORGANIZATIONNAME = tarena;
				TargetAttributes = {
					CF238C831D3DDB9B006AA2E3 = {
						CreatedOnToolsVersion = 7.2;
						DevelopmentTeam = GSY5GGUM2D;
					};
				};
			};
			buildConfigurationList = CF238C7F1D3DDB9B006AA2E3 /* Build configuration list for PBXProject "WeiFan" */;
			compatibilityVersion = "Xcode 3.2";
			developmentRegion = English;
			hasScannedForEncodings = 0;
			knownRegions = (
				en,
				Base,
			);
			mainGroup = CF238C7B1D3DDB9B006AA2E3;
			productRefGroup = CF238C851D3DDB9B006AA2E3 /* Products */;
			projectDirPath = "";
			projectRoot = "";
			targets = (
				CF238C831D3DDB9B006AA2E3 /* WeiFan */,
			);
		};
/* End PBXProject section */

/* Begin PBXResourcesBuildPhase section */
		CF238C821D3DDB9B006AA2E3 /* Resources */ = {
			isa = PBXResourcesBuildPhase;
			buildActionMask = 2147483647;
			files = (
				CF238C971D3DDB9B006AA2E3 /* LaunchScreen.storyboard in Resources */,
				CF238C941D3DDB9B006AA2E3 /* Assets.xcassets in Resources */,
				CF238C921D3DDB9B006AA2E3 /* Main.storyboard in Resources */,
				CFD3E5801D42532100DD5289 /* isEnd.png in Resources */,
			);
			runOnlyForDeploymentPostprocessing = 0;
		};
/* End PBXResourcesBuildPhase section */

/* Begin PBXShellScriptBuildPhase section */
		304BB8F70C554AC2FC70D09A /* [CP] Check Pods Manifest.lock */ = {
			isa = PBXShellScriptBuildPhase;
			buildActionMask = 2147483647;
			files = (
			);
			inputPaths = (
			);
			name = "[CP] Check Pods Manifest.lock";
			outputPaths = (
			);
			runOnlyForDeploymentPostprocessing = 0;
			shellPath = /bin/sh;
			shellScript = "diff \"${PODS_ROOT}/../Podfile.lock\" \"${PODS_ROOT}/Manifest.lock\" > /dev/null\nif [[ $? != 0 ]] ; then\n    cat << EOM\nerror: The sandbox is not in sync with the Podfile.lock. Run 'pod install' or update your CocoaPods installation.\nEOM\n    exit 1\nfi\n";
			showEnvVarsInLog = 0;
		};
		636E8EC71074E66F45FB90CC /* [CP] Copy Pods Resources */ = {
			isa = PBXShellScriptBuildPhase;
			buildActionMask = 2147483647;
			files = (
			);
			inputPaths = (
			);
			name = "[CP] Copy Pods Resources";
			outputPaths = (
			);
			runOnlyForDeploymentPostprocessing = 0;
			shellPath = /bin/sh;
			shellScript = "\"${SRCROOT}/Pods/Target Support Files/Pods-WeiFan/Pods-WeiFan-resources.sh\"\n";
			showEnvVarsInLog = 0;
		};
		74718FC39CE55F2262CBDB44 /* [CP] Embed Pods Frameworks */ = {
			isa = PBXShellScriptBuildPhase;
			buildActionMask = 2147483647;
			files = (
			);
			inputPaths = (
			);
			name = "[CP] Embed Pods Frameworks";
			outputPaths = (
			);
			runOnlyForDeploymentPostprocessing = 0;
			shellPath = /bin/sh;
			shellScript = "\"${SRCROOT}/Pods/Target Support Files/Pods-WeiFan/Pods-WeiFan-frameworks.sh\"\n";
			showEnvVarsInLog = 0;
		};
/* End PBXShellScriptBuildPhase section */

/* Begin PBXSourcesBuildPhase section */
		CF238C801D3DDB9B006AA2E3 /* Sources */ = {
			isa = PBXSourcesBuildPhase;
			buildActionMask = 2147483647;
			files = (
				CFC5C89C1D3E040600F70B38 /* UIView+HUD.m in Sources */,
				CFBFE1CB1D4782AF000C01F0 /* SecondTableViewCell.m in Sources */,
				CFBFE1DC1D478897000C01F0 /* RecommendationModel.m in Sources */,
				CF238C8F1D3DDB9B006AA2E3 /* ViewController.m in Sources */,
				CFC5C89B1D3E040600F70B38 /* UIScrollView+Refresh.m in Sources */,
				CFBFE1D71D4787DD000C01F0 /* TagsCell.m in Sources */,
				CFBFE1B91D47620E000C01F0 /* SearchViewController.m in Sources */,
				CFC5C8991D3E040600F70B38 /* NSObject+Parse.m in Sources */,
				CFBFE1CA1D4782AF000C01F0 /* FirstTableViewCell.m in Sources */,
				CFBFE1BD1D476918000C01F0 /* UserMy.m in Sources */,
				CFC5C8A91D3E144800F70B38 /* HomePageController.m in Sources */,
				CFBFE1D41D4787DD000C01F0 /* TodayCell.m in Sources */,
				CF97FA7C1D40F228005BF0E7 /* ActivityCell.m in Sources */,
				CFBFE1D51D4787DD000C01F0 /* ModelWorkersCell.m in Sources */,
				CFB47B201D3FA713002863C1 /* CustomTabBar.m in Sources */,
				CF97FA731D40E615005BF0E7 /* ActivityViewModel.m in Sources */,
				CF97FA6C1D40E363005BF0E7 /* NetManger.m in Sources */,
				CFBFE1D61D4787DD000C01F0 /* ReviewCell.m in Sources */,
				CFC5C8A21D3E042500F70B38 /* BaseViewModel.m in Sources */,
				CFC5C89A1D3E040600F70B38 /* NSString+YX.m in Sources */,
				CF238C8C1D3DDB9B006AA2E3 /* AppDelegate.m in Sources */,
				CFBFE1C01D4769BF000C01F0 /* HeaderViewCell.m in Sources */,
				CF97FA661D40D580005BF0E7 /* ActivityModel.m in Sources */,
				CFBFE1E21D4789A3000C01F0 /* StartraceViewModel.m in Sources */,
				CFBFE1C41D47826A000C01F0 /* FindTableViewController.m in Sources */,
				CFBFE1DF1D47898C000C01F0 /* startraceViewController.m in Sources */,
				CFC5C89F1D3E041500F70B38 /* BaseNetworking.m in Sources */,
				CF238C891D3DDB9B006AA2E3 /* main.m in Sources */,
				CFC5C8A61D3E13C900F70B38 /* MainTabBarView.m in Sources */,
			);
			runOnlyForDeploymentPostprocessing = 0;
		};
/* End PBXSourcesBuildPhase section */

/* Begin PBXVariantGroup section */
		CF238C901D3DDB9B006AA2E3 /* Main.storyboard */ = {
			isa = PBXVariantGroup;
			children = (
				CF238C911D3DDB9B006AA2E3 /* Base */,
			);
			name = Main.storyboard;
			path = ..;
			sourceTree = "<group>";
		};
		CF238C951D3DDB9B006AA2E3 /* LaunchScreen.storyboard */ = {
			isa = PBXVariantGroup;
			children = (
				CF238C961D3DDB9B006AA2E3 /* Base */,
			);
			name = LaunchScreen.storyboard;
			path = ..;
			sourceTree = "<group>";
		};
/* End PBXVariantGroup section */

/* Begin XCBuildConfiguration section */
		CF238C991D3DDB9B006AA2E3 /* Debug */ = {
			isa = XCBuildConfiguration;
			buildSettings = {
				ALWAYS_SEARCH_USER_PATHS = NO;
				CLANG_CXX_LANGUAGE_STANDARD = "gnu++0x";
				CLANG_CXX_LIBRARY = "libc++";
				CLANG_ENABLE_MODULES = YES;
				CLANG_ENABLE_OBJC_ARC = YES;
				CLANG_WARN_BOOL_CONVERSION = YES;
				CLANG_WARN_CONSTANT_CONVERSION = YES;
				CLANG_WARN_DIRECT_OBJC_ISA_USAGE = YES_ERROR;
				CLANG_WARN_EMPTY_BODY = YES;
				CLANG_WARN_ENUM_CONVERSION = YES;
				CLANG_WARN_INT_CONVERSION = YES;
				CLANG_WARN_OBJC_ROOT_CLASS = YES_ERROR;
				CLANG_WARN_UNREACHABLE_CODE = YES;
				CLANG_WARN__DUPLICATE_METHOD_MATCH = YES;
				"CODE_SIGN_IDENTITY[sdk=iphoneos*]" = "iPhone Developer";
				COPY_PHASE_STRIP = NO;
				DEBUG_INFORMATION_FORMAT = dwarf;
				ENABLE_STRICT_OBJC_MSGSEND = YES;
				ENABLE_TESTABILITY = YES;
				GCC_C_LANGUAGE_STANDARD = gnu99;
				GCC_DYNAMIC_NO_PIC = NO;
				GCC_NO_COMMON_BLOCKS = YES;
				GCC_OPTIMIZATION_LEVEL = 0;
				GCC_PREPROCESSOR_DEFINITIONS = (
					"DEBUG=1",
					"$(inherited)",
				);
				GCC_WARN_64_TO_32_BIT_CONVERSION = YES;
				GCC_WARN_ABOUT_RETURN_TYPE = YES_ERROR;
				GCC_WARN_UNDECLARED_SELECTOR = YES;
				GCC_WARN_UNINITIALIZED_AUTOS = YES_AGGRESSIVE;
				GCC_WARN_UNUSED_FUNCTION = YES;
				GCC_WARN_UNUSED_VARIABLE = YES;
				IPHONEOS_DEPLOYMENT_TARGET = 9.2;
				MTL_ENABLE_DEBUG_INFO = YES;
				ONLY_ACTIVE_ARCH = YES;
				SDKROOT = iphoneos;
			};
			name = Debug;
		};
		CF238C9A1D3DDB9B006AA2E3 /* Release */ = {
			isa = XCBuildConfiguration;
			buildSettings = {
				ALWAYS_SEARCH_USER_PATHS = NO;
				CLANG_CXX_LANGUAGE_STANDARD = "gnu++0x";
				CLANG_CXX_LIBRARY = "libc++";
				CLANG_ENABLE_MODULES = YES;
				CLANG_ENABLE_OBJC_ARC = YES;
				CLANG_WARN_BOOL_CONVERSION = YES;
				CLANG_WARN_CONSTANT_CONVERSION = YES;
				CLANG_WARN_DIRECT_OBJC_ISA_USAGE = YES_ERROR;
				CLANG_WARN_EMPTY_BODY = YES;
				CLANG_WARN_ENUM_CONVERSION = YES;
				CLANG_WARN_INT_CONVERSION = YES;
				CLANG_WARN_OBJC_ROOT_CLASS = YES_ERROR;
				CLANG_WARN_UNREACHABLE_CODE = YES;
				CLANG_WARN__DUPLICATE_METHOD_MATCH = YES;
				"CODE_SIGN_IDENTITY[sdk=iphoneos*]" = "iPhone Developer";
				COPY_PHASE_STRIP = NO;
				DEBUG_INFORMATION_FORMAT = "dwarf-with-dsym";
				ENABLE_NS_ASSERTIONS = NO;
				ENABLE_STRICT_OBJC_MSGSEND = YES;
				GCC_C_LANGUAGE_STANDARD = gnu99;
				GCC_NO_COMMON_BLOCKS = YES;
				GCC_WARN_64_TO_32_BIT_CONVERSION = YES;
				GCC_WARN_ABOUT_RETURN_TYPE = YES_ERROR;
				GCC_WARN_UNDECLARED_SELECTOR = YES;
				GCC_WARN_UNINITIALIZED_AUTOS = YES_AGGRESSIVE;
				GCC_WARN_UNUSED_FUNCTION = YES;
				GCC_WARN_UNUSED_VARIABLE = YES;
				IPHONEOS_DEPLOYMENT_TARGET = 9.2;
				MTL_ENABLE_DEBUG_INFO = NO;
				SDKROOT = iphoneos;
				VALIDATE_PRODUCT = YES;
			};
			name = Release;
		};
		CF238C9C1D3DDB9B006AA2E3 /* Debug */ = {
			isa = XCBuildConfiguration;
			baseConfigurationReference = 36C60BF564329857B3EE613C /* Pods-WeiFan.debug.xcconfig */;
			buildSettings = {
				ASSETCATALOG_COMPILER_APPICON_NAME = AppIcon;
				GCC_PREFIX_HEADER = "$(PRODUCT_NAME)/PrefixHeader.pch";
				INFOPLIST_FILE = WeiFan/Info.plist;
				LD_RUNPATH_SEARCH_PATHS = "$(inherited) @executable_path/Frameworks";
				PRODUCT_BUNDLE_IDENTIFIER = cn.tedu.WeiFan;
				PRODUCT_NAME = "$(TARGET_NAME)";
			};
			name = Debug;
		};
		CF238C9D1D3DDB9B006AA2E3 /* Release */ = {
			isa = XCBuildConfiguration;
			baseConfigurationReference = 9E70E8AE51F769BB84CF6A03 /* Pods-WeiFan.release.xcconfig */;
			buildSettings = {
				ASSETCATALOG_COMPILER_APPICON_NAME = AppIcon;
				GCC_PREFIX_HEADER = "$(PRODUCT_NAME)/PrefixHeader.pch";
				INFOPLIST_FILE = WeiFan/Info.plist;
				LD_RUNPATH_SEARCH_PATHS = "$(inherited) @executable_path/Frameworks";
				PRODUCT_BUNDLE_IDENTIFIER = cn.tedu.WeiFan;
				PRODUCT_NAME = "$(TARGET_NAME)";
			};
			name = Release;
		};
/* End XCBuildConfiguration section */

/* Begin XCConfigurationList section */
		CF238C7F1D3DDB9B006AA2E3 /* Build configuration list for PBXProject "WeiFan" */ = {
			isa = XCConfigurationList;
			buildConfigurations = (
				CF238C991D3DDB9B006AA2E3 /* Debug */,
				CF238C9A1D3DDB9B006AA2E3 /* Release */,
			);
			defaultConfigurationIsVisible = 0;
			defaultConfigurationName = Release;
		};
		CF238C9B1D3DDB9B006AA2E3 /* Build configuration list for PBXNativeTarget "WeiFan" */ = {
			isa = XCConfigurationList;
			buildConfigurations = (
				CF238C9C1D3DDB9B006AA2E3 /* Debug */,
				CF238C9D1D3DDB9B006AA2E3 /* Release */,
			);
			defaultConfigurationIsVisible = 0;
			defaultConfigurationName = Release;
		};
/* End XCConfigurationList section */
	};
	rootObject = CF238C7C1D3DDB9B006AA2E3 /* Project object */;
}
