// !$*UTF8*$!
{
	archiveVersion = 1;
	classes = {
	};
	objectVersion = 46;
	objects = {

/* Begin PBXBuildFile section */
		8318B644D5153354323CA129 /* libPods-WeiFan.a in Frameworks */ = {isa = PBXBuildFile; fileRef = 84EB4809A183EB6B1F241CC6 /* libPods-WeiFan.a */; };
		CF238C891D3DDB9B006AA2E3 /* main.m in Sources */ = {isa = PBXBuildFile; fileRef = CF238C881D3DDB9B006AA2E3 /* main.m */; };
		CF238C8C1D3DDB9B006AA2E3 /* AppDelegate.m in Sources */ = {isa = PBXBuildFile; fileRef = CF238C8B1D3DDB9B006AA2E3 /* AppDelegate.m */; };
		CF238C8F1D3DDB9B006AA2E3 /* ViewController.m in Sources */ = {isa = PBXBuildFile; fileRef = CF238C8E1D3DDB9B006AA2E3 /* ViewController.m */; };
		CF238C921D3DDB9B006AA2E3 /* Main.storyboard in Resources */ = {isa = PBXBuildFile; fileRef = CF238C901D3DDB9B006AA2E3 /* Main.storyboard */; };
		CF238C941D3DDB9B006AA2E3 /* Assets.xcassets in Resources */ = {isa = PBXBuildFile; fileRef = CF238C931D3DDB9B006AA2E3 /* Assets.xcassets */; };
		CF238C971D3DDB9B006AA2E3 /* LaunchScreen.storyboard in Resources */ = {isa = PBXBuildFile; fileRef = CF238C951D3DDB9B006AA2E3 /* LaunchScreen.storyboard */; };
		CFB47B121D3FA37E002863C1 /* tabbar_icon_find_selected@2x.png in Resources */ = {isa = PBXBuildFile; fileRef = CFB47B0A1D3FA37E002863C1 /* tabbar_icon_find_selected@2x.png */; };
		CFB47B141D3FA37E002863C1 /* tabbar_icon_find@2x.png in Resources */ = {isa = PBXBuildFile; fileRef = CFB47B0C1D3FA37E002863C1 /* tabbar_icon_find@2x.png */; };
		CFB47B161D3FA37E002863C1 /* tabbar_icon_home_selected@2x.png in Resources */ = {isa = PBXBuildFile; fileRef = CFB47B0E1D3FA37E002863C1 /* tabbar_icon_home_selected@2x.png */; };
		CFB47B181D3FA37E002863C1 /* tabbar_icon_home@2x.png in Resources */ = {isa = PBXBuildFile; fileRef = CFB47B101D3FA37E002863C1 /* tabbar_icon_home@2x.png */; };
		CFB47B1C1D3FA6D0002863C1 /* tabbar_icon_search_selected@2x.png in Resources */ = {isa = PBXBuildFile; fileRef = CFB47B1A1D3FA6D0002863C1 /* tabbar_icon_search_selected@2x.png */; };
		CFB47B1D1D3FA6D0002863C1 /* tabbar_icon_search_selected@3x.png in Resources */ = {isa = PBXBuildFile; fileRef = CFB47B1B1D3FA6D0002863C1 /* tabbar_icon_search_selected@3x.png */; };
		CFB47B201D3FA713002863C1 /* CustomTabBar.m in Sources */ = {isa = PBXBuildFile; fileRef = CFB47B1F1D3FA713002863C1 /* CustomTabBar.m */; };
		CFB47B231D3FBDA2002863C1 /* nav_icon_my_selected@2x.png in Resources */ = {isa = PBXBuildFile; fileRef = CFB47B211D3FBDA2002863C1 /* nav_icon_my_selected@2x.png */; };
		CFB47B241D3FBDA2002863C1 /* nav_icon_my@2x.png in Resources */ = {isa = PBXBuildFile; fileRef = CFB47B221D3FBDA2002863C1 /* nav_icon_my@2x.png */; };
		CFB47B2B1D3FBF2F002863C1 /* nav_icon_broke_selected2x.png in Resources */ = {isa = PBXBuildFile; fileRef = CFB47B291D3FBF2F002863C1 /* nav_icon_broke_selected2x.png */; };
		CFB47B2C1D3FBF2F002863C1 /* nav_icon_broke@2x.png in Resources */ = {isa = PBXBuildFile; fileRef = CFB47B2A1D3FBF2F002863C1 /* nav_icon_broke@2x.png */; };
		CFC5C8991D3E040600F70B38 /* NSObject+Parse.m in Sources */ = {isa = PBXBuildFile; fileRef = CFC5C8921D3E040600F70B38 /* NSObject+Parse.m */; };
		CFC5C89A1D3E040600F70B38 /* NSString+YX.m in Sources */ = {isa = PBXBuildFile; fileRef = CFC5C8941D3E040600F70B38 /* NSString+YX.m */; };
		CFC5C89B1D3E040600F70B38 /* UIScrollView+Refresh.m in Sources */ = {isa = PBXBuildFile; fileRef = CFC5C8961D3E040600F70B38 /* UIScrollView+Refresh.m */; };
		CFC5C89C1D3E040600F70B38 /* UIView+HUD.m in Sources */ = {isa = PBXBuildFile; fileRef = CFC5C8981D3E040600F70B38 /* UIView+HUD.m */; };
		CFC5C89F1D3E041500F70B38 /* BaseNetworking.m in Sources */ = {isa = PBXBuildFile; fileRef = CFC5C89E1D3E041500F70B38 /* BaseNetworking.m */; };
		CFC5C8A21D3E042500F70B38 /* BaseViewModel.m in Sources */ = {isa = PBXBuildFile; fileRef = CFC5C8A11D3E042500F70B38 /* BaseViewModel.m */; };
		CFC5C8A61D3E13C900F70B38 /* MainTabBarView.m in Sources */ = {isa = PBXBuildFile; fileRef = CFC5C8A51D3E13C900F70B38 /* MainTabBarView.m */; };
		CFC5C8A91D3E144800F70B38 /* HomePageController.m in Sources */ = {isa = PBXBuildFile; fileRef = CFC5C8A81D3E144800F70B38 /* HomePageController.m */; };
		CFC5C8AC1D3E147600F70B38 /* FindViewController.m in Sources */ = {isa = PBXBuildFile; fileRef = CFC5C8AB1D3E147600F70B38 /* FindViewController.m */; };
/* End PBXBuildFile section */

/* Begin PBXFileReference section */
		36C60BF564329857B3EE613C /* Pods-WeiFan.debug.xcconfig */ = {isa = PBXFileReference; includeInIndex = 1; lastKnownFileType = text.xcconfig; name = "Pods-WeiFan.debug.xcconfig"; path = "Pods/Target Support Files/Pods-WeiFan/Pods-WeiFan.debug.xcconfig"; sourceTree = "<group>"; };
		84EB4809A183EB6B1F241CC6 /* libPods-WeiFan.a */ = {isa = PBXFileReference; explicitFileType = archive.ar; includeInIndex = 0; path = "libPods-WeiFan.a"; sourceTree = BUILT_PRODUCTS_DIR; };
		9E70E8AE51F769BB84CF6A03 /* Pods-WeiFan.release.xcconfig */ = {isa = PBXFileReference; includeInIndex = 1; lastKnownFileType = text.xcconfig; name = "Pods-WeiFan.release.xcconfig"; path = "Pods/Target Support Files/Pods-WeiFan/Pods-WeiFan.release.xcconfig"; sourceTree = "<group>"; };
		CF238C841D3DDB9B006AA2E3 /* WeiFan.app */ = {isa = PBXFileReference; explicitFileType = wrapper.application; includeInIndex = 0; path = WeiFan.app; sourceTree = BUILT_PRODUCTS_DIR; };
		CF238C881D3DDB9B006AA2E3 /* main.m */ = {isa = PBXFileReference; lastKnownFileType = sourcecode.c.objc; path = main.m; sourceTree = "<group>"; };
		CF238C8A1D3DDB9B006AA2E3 /* AppDelegate.h */ = {isa = PBXFileReference; lastKnownFileType = sourcecode.c.h; path = AppDelegate.h; sourceTree = "<group>"; };
		CF238C8B1D3DDB9B006AA2E3 /* AppDelegate.m */ = {isa = PBXFileReference; lastKnownFileType = sourcecode.c.objc; path = AppDelegate.m; sourceTree = "<group>"; };
		CF238C8D1D3DDB9B006AA2E3 /* ViewController.h */ = {isa = PBXFileReference; lastKnownFileType = sourcecode.c.h; name = ViewController.h; path = WeiFan/ViewController.h; sourceTree = SOURCE_ROOT; };
		CF238C8E1D3DDB9B006AA2E3 /* ViewController.m */ = {isa = PBXFileReference; lastKnownFileType = sourcecode.c.objc; name = ViewController.m; path = WeiFan/ViewController.m; sourceTree = SOURCE_ROOT; };
		CF238C911D3DDB9B006AA2E3 /* Base */ = {isa = PBXFileReference; lastKnownFileType = file.storyboard; name = Base; path = Base.lproj/Main.storyboard; sourceTree = "<group>"; };
		CF238C931D3DDB9B006AA2E3 /* Assets.xcassets */ = {isa = PBXFileReference; lastKnownFileType = folder.assetcatalog; name = Assets.xcassets; path = ../Assets.xcassets; sourceTree = "<group>"; };
		CF238C961D3DDB9B006AA2E3 /* Base */ = {isa = PBXFileReference; lastKnownFileType = file.storyboard; name = Base; path = Base.lproj/LaunchScreen.storyboard; sourceTree = "<group>"; };
		CF238C981D3DDB9B006AA2E3 /* Info.plist */ = {isa = PBXFileReference; lastKnownFileType = text.plist.xml; path = Info.plist; sourceTree = "<group>"; };
		CFB47B0A1D3FA37E002863C1 /* tabbar_icon_find_selected@2x.png */ = {isa = PBXFileReference; lastKnownFileType = image.png; path = "tabbar_icon_find_selected@2x.png"; sourceTree = "<group>"; };
		CFB47B0C1D3FA37E002863C1 /* tabbar_icon_find@2x.png */ = {isa = PBXFileReference; lastKnownFileType = image.png; path = "tabbar_icon_find@2x.png"; sourceTree = "<group>"; };
		CFB47B0E1D3FA37E002863C1 /* tabbar_icon_home_selected@2x.png */ = {isa = PBXFileReference; lastKnownFileType = image.png; path = "tabbar_icon_home_selected@2x.png"; sourceTree = "<group>"; };
		CFB47B101D3FA37E002863C1 /* tabbar_icon_home@2x.png */ = {isa = PBXFileReference; lastKnownFileType = image.png; path = "tabbar_icon_home@2x.png"; sourceTree = "<group>"; };
		CFB47B1A1D3FA6D0002863C1 /* tabbar_icon_search_selected@2x.png */ = {isa = PBXFileReference; lastKnownFileType = image.png; path = "tabbar_icon_search_selected@2x.png"; sourceTree = "<group>"; };
		CFB47B1B1D3FA6D0002863C1 /* tabbar_icon_search_selected@3x.png */ = {isa = PBXFileReference; lastKnownFileType = image.png; path = "tabbar_icon_search_selected@3x.png"; sourceTree = "<group>"; };
		CFB47B1E1D3FA713002863C1 /* CustomTabBar.h */ = {isa = PBXFileReference; fileEncoding = 4; lastKnownFileType = sourcecode.c.h; path = CustomTabBar.h; sourceTree = "<group>"; };
		CFB47B1F1D3FA713002863C1 /* CustomTabBar.m */ = {isa = PBXFileReference; fileEncoding = 4; lastKnownFileType = sourcecode.c.objc; path = CustomTabBar.m; sourceTree = "<group>"; };
		CFB47B211D3FBDA2002863C1 /* nav_icon_my_selected@2x.png */ = {isa = PBXFileReference; lastKnownFileType = image.png; path = "nav_icon_my_selected@2x.png"; sourceTree = "<group>"; };
		CFB47B221D3FBDA2002863C1 /* nav_icon_my@2x.png */ = {isa = PBXFileReference; lastKnownFileType = image.png; path = "nav_icon_my@2x.png"; sourceTree = "<group>"; };
		CFB47B291D3FBF2F002863C1 /* nav_icon_broke_selected2x.png */ = {isa = PBXFileReference; lastKnownFileType = image.png; path = nav_icon_broke_selected2x.png; sourceTree = "<group>"; };
		CFB47B2A1D3FBF2F002863C1 /* nav_icon_broke@2x.png */ = {isa = PBXFileReference; lastKnownFileType = image.png; path = "nav_icon_broke@2x.png"; sourceTree = "<group>"; };
		CFC5C8901D3E02F400F70B38 /* PrefixHeader.pch */ = {isa = PBXFileReference; lastKnownFileType = sourcecode.c.h; path = PrefixHeader.pch; sourceTree = "<group>"; };
		CFC5C8911D3E040600F70B38 /* NSObject+Parse.h */ = {isa = PBXFileReference; fileEncoding = 4; lastKnownFileType = sourcecode.c.h; path = "NSObject+Parse.h"; sourceTree = "<group>"; };
		CFC5C8921D3E040600F70B38 /* NSObject+Parse.m */ = {isa = PBXFileReference; fileEncoding = 4; lastKnownFileType = sourcecode.c.objc; path = "NSObject+Parse.m"; sourceTree = "<group>"; };
		CFC5C8931D3E040600F70B38 /* NSString+YX.h */ = {isa = PBXFileReference; fileEncoding = 4; lastKnownFileType = sourcecode.c.h; path = "NSString+YX.h"; sourceTree = "<group>"; };
		CFC5C8941D3E040600F70B38 /* NSString+YX.m */ = {isa = PBXFileReference; fileEncoding = 4; lastKnownFileType = sourcecode.c.objc; path = "NSString+YX.m"; sourceTree = "<group>"; };
		CFC5C8951D3E040600F70B38 /* UIScrollView+Refresh.h */ = {isa = PBXFileReference; fileEncoding = 4; lastKnownFileType = sourcecode.c.h; path = "UIScrollView+Refresh.h"; sourceTree = "<group>"; };
		CFC5C8961D3E040600F70B38 /* UIScrollView+Refresh.m */ = {isa = PBXFileReference; fileEncoding = 4; lastKnownFileType = sourcecode.c.objc; path = "UIScrollView+Refresh.m"; sourceTree = "<group>"; };
		CFC5C8971D3E040600F70B38 /* UIView+HUD.h */ = {isa = PBXFileReference; fileEncoding = 4; lastKnownFileType = sourcecode.c.h; path = "UIView+HUD.h"; sourceTree = "<group>"; };
		CFC5C8981D3E040600F70B38 /* UIView+HUD.m */ = {isa = PBXFileReference; fileEncoding = 4; lastKnownFileType = sourcecode.c.objc; path = "UIView+HUD.m"; sourceTree = "<group>"; };
		CFC5C89D1D3E041500F70B38 /* BaseNetworking.h */ = {isa = PBXFileReference; fileEncoding = 4; lastKnownFileType = sourcecode.c.h; path = BaseNetworking.h; sourceTree = "<group>"; };
		CFC5C89E1D3E041500F70B38 /* BaseNetworking.m */ = {isa = PBXFileReference; fileEncoding = 4; lastKnownFileType = sourcecode.c.objc; path = BaseNetworking.m; sourceTree = "<group>"; };
		CFC5C8A01D3E042500F70B38 /* BaseViewModel.h */ = {isa = PBXFileReference; fileEncoding = 4; lastKnownFileType = sourcecode.c.h; path = BaseViewModel.h; sourceTree = "<group>"; };
		CFC5C8A11D3E042500F70B38 /* BaseViewModel.m */ = {isa = PBXFileReference; fileEncoding = 4; lastKnownFileType = sourcecode.c.objc; path = BaseViewModel.m; sourceTree = "<group>"; };
<<<<<<< HEAD
		CFC5C8A41D3E13C900F70B38 /* MainTabBarView.h */ = {isa = PBXFileReference; fileEncoding = 4; lastKnownFileType = sourcecode.c.h; path = MainTabBarView.h; sourceTree = "<group>"; };
		CFC5C8A51D3E13C900F70B38 /* MainTabBarView.m */ = {isa = PBXFileReference; fileEncoding = 4; lastKnownFileType = sourcecode.c.objc; path = MainTabBarView.m; sourceTree = "<group>"; };
		CFC5C8A71D3E144800F70B38 /* HomePageController.h */ = {isa = PBXFileReference; fileEncoding = 4; lastKnownFileType = sourcecode.c.h; path = HomePageController.h; sourceTree = "<group>"; };
		CFC5C8A81D3E144800F70B38 /* HomePageController.m */ = {isa = PBXFileReference; fileEncoding = 4; lastKnownFileType = sourcecode.c.objc; path = HomePageController.m; sourceTree = "<group>"; };
		CFC5C8AA1D3E147600F70B38 /* FindViewController.h */ = {isa = PBXFileReference; fileEncoding = 4; lastKnownFileType = sourcecode.c.h; path = FindViewController.h; sourceTree = "<group>"; };
		CFC5C8AB1D3E147600F70B38 /* FindViewController.m */ = {isa = PBXFileReference; fileEncoding = 4; lastKnownFileType = sourcecode.c.objc; path = FindViewController.m; sourceTree = "<group>"; };
=======
		D329B82E1D3F044900EECE5C /* RequestPath.h */ = {isa = PBXFileReference; lastKnownFileType = sourcecode.c.h; path = RequestPath.h; sourceTree = "<group>"; };
>>>>>>> origin/master
/* End PBXFileReference section */

/* Begin PBXFrameworksBuildPhase section */
		CF238C811D3DDB9B006AA2E3 /* Frameworks */ = {
			isa = PBXFrameworksBuildPhase;
			buildActionMask = 2147483647;
			files = (
				8318B644D5153354323CA129 /* libPods-WeiFan.a in Frameworks */,
			);
			runOnlyForDeploymentPostprocessing = 0;
		};
/* End PBXFrameworksBuildPhase section */

/* Begin PBXGroup section */
		BD1C3BFBECD8A4F58B85F3AE /* Pods */ = {
			isa = PBXGroup;
			children = (
				36C60BF564329857B3EE613C /* Pods-WeiFan.debug.xcconfig */,
				9E70E8AE51F769BB84CF6A03 /* Pods-WeiFan.release.xcconfig */,
			);
			name = Pods;
			sourceTree = "<group>";
		};
		C35B2089873021F2C843AC8D /* Frameworks */ = {
			isa = PBXGroup;
			children = (
				84EB4809A183EB6B1F241CC6 /* libPods-WeiFan.a */,
			);
			name = Frameworks;
			sourceTree = "<group>";
		};
		CF238C7B1D3DDB9B006AA2E3 = {
			isa = PBXGroup;
			children = (
				CF238C861D3DDB9B006AA2E3 /* WeiFan */,
				CF238C851D3DDB9B006AA2E3 /* Products */,
				BD1C3BFBECD8A4F58B85F3AE /* Pods */,
				C35B2089873021F2C843AC8D /* Frameworks */,
			);
			sourceTree = "<group>";
		};
		CF238C851D3DDB9B006AA2E3 /* Products */ = {
			isa = PBXGroup;
			children = (
				CF238C841D3DDB9B006AA2E3 /* WeiFan.app */,
			);
			name = Products;
			sourceTree = "<group>";
		};
		CF238C861D3DDB9B006AA2E3 /* WeiFan */ = {
			isa = PBXGroup;
			children = (
<<<<<<< HEAD
				CF238C8A1D3DDB9B006AA2E3 /* AppDelegate.h */,
				CF238C8B1D3DDB9B006AA2E3 /* AppDelegate.m */,
=======
				D329B82C1D3F03F400EECE5C /* Define */,
>>>>>>> origin/master
				CF238C9E1D3E0278006AA2E3 /* Category */,
				CF238C9F1D3E0278006AA2E3 /* Model */,
				CF238CA01D3E0278006AA2E3 /* NetManger */,
				CF238CA11D3E0278006AA2E3 /* Resource */,
				CF238CA21D3E0278006AA2E3 /* Vender */,
				CF238CA31D3E0278006AA2E3 /* View */,
				CF238CA41D3E0278006AA2E3 /* ViewController */,
				CF238CA51D3E0278006AA2E3 /* ViewModel */,
				CF238C871D3DDB9B006AA2E3 /* Supporting Files */,
			);
			path = WeiFan;
			sourceTree = "<group>";
		};
		CF238C871D3DDB9B006AA2E3 /* Supporting Files */ = {
			isa = PBXGroup;
			children = (
				CF238C981D3DDB9B006AA2E3 /* Info.plist */,
				CF238C881D3DDB9B006AA2E3 /* main.m */,
				CFC5C8901D3E02F400F70B38 /* PrefixHeader.pch */,
			);
			name = "Supporting Files";
			sourceTree = "<group>";
		};
		CF238C9E1D3E0278006AA2E3 /* Category */ = {
			isa = PBXGroup;
			children = (
				CFC5C8911D3E040600F70B38 /* NSObject+Parse.h */,
				CFC5C8921D3E040600F70B38 /* NSObject+Parse.m */,
				CFC5C8931D3E040600F70B38 /* NSString+YX.h */,
				CFC5C8941D3E040600F70B38 /* NSString+YX.m */,
				CFC5C8951D3E040600F70B38 /* UIScrollView+Refresh.h */,
				CFC5C8961D3E040600F70B38 /* UIScrollView+Refresh.m */,
				CFC5C8971D3E040600F70B38 /* UIView+HUD.h */,
				CFC5C8981D3E040600F70B38 /* UIView+HUD.m */,
			);
			path = Category;
			sourceTree = "<group>";
		};
		CF238C9F1D3E0278006AA2E3 /* Model */ = {
			isa = PBXGroup;
			children = (
			);
			path = Model;
			sourceTree = "<group>";
		};
		CF238CA01D3E0278006AA2E3 /* NetManger */ = {
			isa = PBXGroup;
			children = (
				CFC5C89D1D3E041500F70B38 /* BaseNetworking.h */,
				CFC5C89E1D3E041500F70B38 /* BaseNetworking.m */,
			);
			path = NetManger;
			sourceTree = "<group>";
		};
		CF238CA11D3E0278006AA2E3 /* Resource */ = {
			isa = PBXGroup;
			children = (
				CFB47B091D3FA336002863C1 /* image */,
				CF238C901D3DDB9B006AA2E3 /* Main.storyboard */,
				CF238C931D3DDB9B006AA2E3 /* Assets.xcassets */,
				CF238C951D3DDB9B006AA2E3 /* LaunchScreen.storyboard */,
			);
			path = Resource;
			sourceTree = "<group>";
		};
		CF238CA21D3E0278006AA2E3 /* Vender */ = {
			isa = PBXGroup;
			children = (
			);
			path = Vender;
			sourceTree = "<group>";
		};
		CF238CA31D3E0278006AA2E3 /* View */ = {
			isa = PBXGroup;
			children = (
				CFB47B1E1D3FA713002863C1 /* CustomTabBar.h */,
				CFB47B1F1D3FA713002863C1 /* CustomTabBar.m */,
			);
			path = View;
			sourceTree = "<group>";
		};
		CF238CA41D3E0278006AA2E3 /* ViewController */ = {
			isa = PBXGroup;
			children = (
				CFC5C8A31D3E139E00F70B38 /* MainTabBar */,
				CF238C8D1D3DDB9B006AA2E3 /* ViewController.h */,
				CF238C8E1D3DDB9B006AA2E3 /* ViewController.m */,
			);
			path = ViewController;
			sourceTree = "<group>";
		};
		CF238CA51D3E0278006AA2E3 /* ViewModel */ = {
			isa = PBXGroup;
			children = (
				CFC5C8A01D3E042500F70B38 /* BaseViewModel.h */,
				CFC5C8A11D3E042500F70B38 /* BaseViewModel.m */,
			);
			path = ViewModel;
			sourceTree = "<group>";
		};
<<<<<<< HEAD
		CFB47B091D3FA336002863C1 /* image */ = {
			isa = PBXGroup;
			children = (
				CFB47B1A1D3FA6D0002863C1 /* tabbar_icon_search_selected@2x.png */,
				CFB47B1B1D3FA6D0002863C1 /* tabbar_icon_search_selected@3x.png */,
				CFB47B0A1D3FA37E002863C1 /* tabbar_icon_find_selected@2x.png */,
				CFB47B0C1D3FA37E002863C1 /* tabbar_icon_find@2x.png */,
				CFB47B0E1D3FA37E002863C1 /* tabbar_icon_home_selected@2x.png */,
				CFB47B101D3FA37E002863C1 /* tabbar_icon_home@2x.png */,
				CFB47B211D3FBDA2002863C1 /* nav_icon_my_selected@2x.png */,
				CFB47B221D3FBDA2002863C1 /* nav_icon_my@2x.png */,
				CFB47B291D3FBF2F002863C1 /* nav_icon_broke_selected2x.png */,
				CFB47B2A1D3FBF2F002863C1 /* nav_icon_broke@2x.png */,
			);
			path = image;
			sourceTree = "<group>";
		};
		CFC5C8A31D3E139E00F70B38 /* MainTabBar */ = {
			isa = PBXGroup;
			children = (
				CFC5C8A41D3E13C900F70B38 /* MainTabBarView.h */,
				CFC5C8A51D3E13C900F70B38 /* MainTabBarView.m */,
				CFC5C8A71D3E144800F70B38 /* HomePageController.h */,
				CFC5C8A81D3E144800F70B38 /* HomePageController.m */,
				CFC5C8AA1D3E147600F70B38 /* FindViewController.h */,
				CFC5C8AB1D3E147600F70B38 /* FindViewController.m */,
			);
			path = MainTabBar;
=======
		D329B82C1D3F03F400EECE5C /* Define */ = {
			isa = PBXGroup;
			children = (
				D329B82E1D3F044900EECE5C /* RequestPath.h */,
			);
			path = Define;
>>>>>>> origin/master
			sourceTree = "<group>";
		};
/* End PBXGroup section */

/* Begin PBXNativeTarget section */
		CF238C831D3DDB9B006AA2E3 /* WeiFan */ = {
			isa = PBXNativeTarget;
			buildConfigurationList = CF238C9B1D3DDB9B006AA2E3 /* Build configuration list for PBXNativeTarget "WeiFan" */;
			buildPhases = (
				304BB8F70C554AC2FC70D09A /* [CP] Check Pods Manifest.lock */,
				CF238C801D3DDB9B006AA2E3 /* Sources */,
				CF238C811D3DDB9B006AA2E3 /* Frameworks */,
				CF238C821D3DDB9B006AA2E3 /* Resources */,
				74718FC39CE55F2262CBDB44 /* [CP] Embed Pods Frameworks */,
				636E8EC71074E66F45FB90CC /* [CP] Copy Pods Resources */,
			);
			buildRules = (
			);
			dependencies = (
			);
			name = WeiFan;
			productName = WeiFan;
			productReference = CF238C841D3DDB9B006AA2E3 /* WeiFan.app */;
			productType = "com.apple.product-type.application";
		};
/* End PBXNativeTarget section */

/* Begin PBXProject section */
		CF238C7C1D3DDB9B006AA2E3 /* Project object */ = {
			isa = PBXProject;
			attributes = {
				LastUpgradeCheck = 0720;
				ORGANIZATIONNAME = tarena;
				TargetAttributes = {
					CF238C831D3DDB9B006AA2E3 = {
						CreatedOnToolsVersion = 7.2;
						DevelopmentTeam = GSY5GGUM2D;
					};
				};
			};
			buildConfigurationList = CF238C7F1D3DDB9B006AA2E3 /* Build configuration list for PBXProject "WeiFan" */;
			compatibilityVersion = "Xcode 3.2";
			developmentRegion = English;
			hasScannedForEncodings = 0;
			knownRegions = (
				en,
				Base,
			);
			mainGroup = CF238C7B1D3DDB9B006AA2E3;
			productRefGroup = CF238C851D3DDB9B006AA2E3 /* Products */;
			projectDirPath = "";
			projectRoot = "";
			targets = (
				CF238C831D3DDB9B006AA2E3 /* WeiFan */,
			);
		};
/* End PBXProject section */

/* Begin PBXResourcesBuildPhase section */
		CF238C821D3DDB9B006AA2E3 /* Resources */ = {
			isa = PBXResourcesBuildPhase;
			buildActionMask = 2147483647;
			files = (
				CFB47B1C1D3FA6D0002863C1 /* tabbar_icon_search_selected@2x.png in Resources */,
				CFB47B2B1D3FBF2F002863C1 /* nav_icon_broke_selected2x.png in Resources */,
				CFB47B1D1D3FA6D0002863C1 /* tabbar_icon_search_selected@3x.png in Resources */,
				CFB47B141D3FA37E002863C1 /* tabbar_icon_find@2x.png in Resources */,
				CF238C971D3DDB9B006AA2E3 /* LaunchScreen.storyboard in Resources */,
				CFB47B231D3FBDA2002863C1 /* nav_icon_my_selected@2x.png in Resources */,
				CFB47B181D3FA37E002863C1 /* tabbar_icon_home@2x.png in Resources */,
				CFB47B2C1D3FBF2F002863C1 /* nav_icon_broke@2x.png in Resources */,
				CFB47B161D3FA37E002863C1 /* tabbar_icon_home_selected@2x.png in Resources */,
				CF238C941D3DDB9B006AA2E3 /* Assets.xcassets in Resources */,
				CFB47B121D3FA37E002863C1 /* tabbar_icon_find_selected@2x.png in Resources */,
				CF238C921D3DDB9B006AA2E3 /* Main.storyboard in Resources */,
				CFB47B241D3FBDA2002863C1 /* nav_icon_my@2x.png in Resources */,
			);
			runOnlyForDeploymentPostprocessing = 0;
		};
/* End PBXResourcesBuildPhase section */

/* Begin PBXShellScriptBuildPhase section */
		304BB8F70C554AC2FC70D09A /* [CP] Check Pods Manifest.lock */ = {
			isa = PBXShellScriptBuildPhase;
			buildActionMask = 2147483647;
			files = (
			);
			inputPaths = (
			);
			name = "[CP] Check Pods Manifest.lock";
			outputPaths = (
			);
			runOnlyForDeploymentPostprocessing = 0;
			shellPath = /bin/sh;
			shellScript = "diff \"${PODS_ROOT}/../Podfile.lock\" \"${PODS_ROOT}/Manifest.lock\" > /dev/null\nif [[ $? != 0 ]] ; then\n    cat << EOM\nerror: The sandbox is not in sync with the Podfile.lock. Run 'pod install' or update your CocoaPods installation.\nEOM\n    exit 1\nfi\n";
			showEnvVarsInLog = 0;
		};
		636E8EC71074E66F45FB90CC /* [CP] Copy Pods Resources */ = {
			isa = PBXShellScriptBuildPhase;
			buildActionMask = 2147483647;
			files = (
			);
			inputPaths = (
			);
			name = "[CP] Copy Pods Resources";
			outputPaths = (
			);
			runOnlyForDeploymentPostprocessing = 0;
			shellPath = /bin/sh;
			shellScript = "\"${SRCROOT}/Pods/Target Support Files/Pods-WeiFan/Pods-WeiFan-resources.sh\"\n";
			showEnvVarsInLog = 0;
		};
		74718FC39CE55F2262CBDB44 /* [CP] Embed Pods Frameworks */ = {
			isa = PBXShellScriptBuildPhase;
			buildActionMask = 2147483647;
			files = (
			);
			inputPaths = (
			);
			name = "[CP] Embed Pods Frameworks";
			outputPaths = (
			);
			runOnlyForDeploymentPostprocessing = 0;
			shellPath = /bin/sh;
			shellScript = "\"${SRCROOT}/Pods/Target Support Files/Pods-WeiFan/Pods-WeiFan-frameworks.sh\"\n";
			showEnvVarsInLog = 0;
		};
/* End PBXShellScriptBuildPhase section */

/* Begin PBXSourcesBuildPhase section */
		CF238C801D3DDB9B006AA2E3 /* Sources */ = {
			isa = PBXSourcesBuildPhase;
			buildActionMask = 2147483647;
			files = (
				CFC5C89C1D3E040600F70B38 /* UIView+HUD.m in Sources */,
				CF238C8F1D3DDB9B006AA2E3 /* ViewController.m in Sources */,
				CFC5C89B1D3E040600F70B38 /* UIScrollView+Refresh.m in Sources */,
				CFC5C8AC1D3E147600F70B38 /* FindViewController.m in Sources */,
				CFC5C8991D3E040600F70B38 /* NSObject+Parse.m in Sources */,
				CFC5C8A91D3E144800F70B38 /* HomePageController.m in Sources */,
				CFB47B201D3FA713002863C1 /* CustomTabBar.m in Sources */,
				CFC5C8A21D3E042500F70B38 /* BaseViewModel.m in Sources */,
				CFC5C89A1D3E040600F70B38 /* NSString+YX.m in Sources */,
				CF238C8C1D3DDB9B006AA2E3 /* AppDelegate.m in Sources */,
				CFC5C89F1D3E041500F70B38 /* BaseNetworking.m in Sources */,
				CF238C891D3DDB9B006AA2E3 /* main.m in Sources */,
				CFC5C8A61D3E13C900F70B38 /* MainTabBarView.m in Sources */,
			);
			runOnlyForDeploymentPostprocessing = 0;
		};
/* End PBXSourcesBuildPhase section */

/* Begin PBXVariantGroup section */
		CF238C901D3DDB9B006AA2E3 /* Main.storyboard */ = {
			isa = PBXVariantGroup;
			children = (
				CF238C911D3DDB9B006AA2E3 /* Base */,
			);
			name = Main.storyboard;
			path = ..;
			sourceTree = "<group>";
		};
		CF238C951D3DDB9B006AA2E3 /* LaunchScreen.storyboard */ = {
			isa = PBXVariantGroup;
			children = (
				CF238C961D3DDB9B006AA2E3 /* Base */,
			);
			name = LaunchScreen.storyboard;
			path = ..;
			sourceTree = "<group>";
		};
/* End PBXVariantGroup section */

/* Begin XCBuildConfiguration section */
		CF238C991D3DDB9B006AA2E3 /* Debug */ = {
			isa = XCBuildConfiguration;
			buildSettings = {
				ALWAYS_SEARCH_USER_PATHS = NO;
				CLANG_CXX_LANGUAGE_STANDARD = "gnu++0x";
				CLANG_CXX_LIBRARY = "libc++";
				CLANG_ENABLE_MODULES = YES;
				CLANG_ENABLE_OBJC_ARC = YES;
				CLANG_WARN_BOOL_CONVERSION = YES;
				CLANG_WARN_CONSTANT_CONVERSION = YES;
				CLANG_WARN_DIRECT_OBJC_ISA_USAGE = YES_ERROR;
				CLANG_WARN_EMPTY_BODY = YES;
				CLANG_WARN_ENUM_CONVERSION = YES;
				CLANG_WARN_INT_CONVERSION = YES;
				CLANG_WARN_OBJC_ROOT_CLASS = YES_ERROR;
				CLANG_WARN_UNREACHABLE_CODE = YES;
				CLANG_WARN__DUPLICATE_METHOD_MATCH = YES;
				"CODE_SIGN_IDENTITY[sdk=iphoneos*]" = "iPhone Developer";
				COPY_PHASE_STRIP = NO;
				DEBUG_INFORMATION_FORMAT = dwarf;
				ENABLE_STRICT_OBJC_MSGSEND = YES;
				ENABLE_TESTABILITY = YES;
				GCC_C_LANGUAGE_STANDARD = gnu99;
				GCC_DYNAMIC_NO_PIC = NO;
				GCC_NO_COMMON_BLOCKS = YES;
				GCC_OPTIMIZATION_LEVEL = 0;
				GCC_PREPROCESSOR_DEFINITIONS = (
					"DEBUG=1",
					"$(inherited)",
				);
				GCC_WARN_64_TO_32_BIT_CONVERSION = YES;
				GCC_WARN_ABOUT_RETURN_TYPE = YES_ERROR;
				GCC_WARN_UNDECLARED_SELECTOR = YES;
				GCC_WARN_UNINITIALIZED_AUTOS = YES_AGGRESSIVE;
				GCC_WARN_UNUSED_FUNCTION = YES;
				GCC_WARN_UNUSED_VARIABLE = YES;
				IPHONEOS_DEPLOYMENT_TARGET = 9.2;
				MTL_ENABLE_DEBUG_INFO = YES;
				ONLY_ACTIVE_ARCH = YES;
				SDKROOT = iphoneos;
			};
			name = Debug;
		};
		CF238C9A1D3DDB9B006AA2E3 /* Release */ = {
			isa = XCBuildConfiguration;
			buildSettings = {
				ALWAYS_SEARCH_USER_PATHS = NO;
				CLANG_CXX_LANGUAGE_STANDARD = "gnu++0x";
				CLANG_CXX_LIBRARY = "libc++";
				CLANG_ENABLE_MODULES = YES;
				CLANG_ENABLE_OBJC_ARC = YES;
				CLANG_WARN_BOOL_CONVERSION = YES;
				CLANG_WARN_CONSTANT_CONVERSION = YES;
				CLANG_WARN_DIRECT_OBJC_ISA_USAGE = YES_ERROR;
				CLANG_WARN_EMPTY_BODY = YES;
				CLANG_WARN_ENUM_CONVERSION = YES;
				CLANG_WARN_INT_CONVERSION = YES;
				CLANG_WARN_OBJC_ROOT_CLASS = YES_ERROR;
				CLANG_WARN_UNREACHABLE_CODE = YES;
				CLANG_WARN__DUPLICATE_METHOD_MATCH = YES;
				"CODE_SIGN_IDENTITY[sdk=iphoneos*]" = "iPhone Developer";
				COPY_PHASE_STRIP = NO;
				DEBUG_INFORMATION_FORMAT = "dwarf-with-dsym";
				ENABLE_NS_ASSERTIONS = NO;
				ENABLE_STRICT_OBJC_MSGSEND = YES;
				GCC_C_LANGUAGE_STANDARD = gnu99;
				GCC_NO_COMMON_BLOCKS = YES;
				GCC_WARN_64_TO_32_BIT_CONVERSION = YES;
				GCC_WARN_ABOUT_RETURN_TYPE = YES_ERROR;
				GCC_WARN_UNDECLARED_SELECTOR = YES;
				GCC_WARN_UNINITIALIZED_AUTOS = YES_AGGRESSIVE;
				GCC_WARN_UNUSED_FUNCTION = YES;
				GCC_WARN_UNUSED_VARIABLE = YES;
				IPHONEOS_DEPLOYMENT_TARGET = 9.2;
				MTL_ENABLE_DEBUG_INFO = NO;
				SDKROOT = iphoneos;
				VALIDATE_PRODUCT = YES;
			};
			name = Release;
		};
		CF238C9C1D3DDB9B006AA2E3 /* Debug */ = {
			isa = XCBuildConfiguration;
			baseConfigurationReference = 36C60BF564329857B3EE613C /* Pods-WeiFan.debug.xcconfig */;
			buildSettings = {
				ASSETCATALOG_COMPILER_APPICON_NAME = AppIcon;
				GCC_PREFIX_HEADER = "$(PRODUCT_NAME)/PrefixHeader.pch";
				INFOPLIST_FILE = WeiFan/Info.plist;
				LD_RUNPATH_SEARCH_PATHS = "$(inherited) @executable_path/Frameworks";
				PRODUCT_BUNDLE_IDENTIFIER = cn.tedu.WeiFan;
				PRODUCT_NAME = "$(TARGET_NAME)";
			};
			name = Debug;
		};
		CF238C9D1D3DDB9B006AA2E3 /* Release */ = {
			isa = XCBuildConfiguration;
			baseConfigurationReference = 9E70E8AE51F769BB84CF6A03 /* Pods-WeiFan.release.xcconfig */;
			buildSettings = {
				ASSETCATALOG_COMPILER_APPICON_NAME = AppIcon;
				GCC_PREFIX_HEADER = "$(PRODUCT_NAME)/PrefixHeader.pch";
				INFOPLIST_FILE = WeiFan/Info.plist;
				LD_RUNPATH_SEARCH_PATHS = "$(inherited) @executable_path/Frameworks";
				PRODUCT_BUNDLE_IDENTIFIER = cn.tedu.WeiFan;
				PRODUCT_NAME = "$(TARGET_NAME)";
			};
			name = Release;
		};
/* End XCBuildConfiguration section */

/* Begin XCConfigurationList section */
		CF238C7F1D3DDB9B006AA2E3 /* Build configuration list for PBXProject "WeiFan" */ = {
			isa = XCConfigurationList;
			buildConfigurations = (
				CF238C991D3DDB9B006AA2E3 /* Debug */,
				CF238C9A1D3DDB9B006AA2E3 /* Release */,
			);
			defaultConfigurationIsVisible = 0;
			defaultConfigurationName = Release;
		};
		CF238C9B1D3DDB9B006AA2E3 /* Build configuration list for PBXNativeTarget "WeiFan" */ = {
			isa = XCConfigurationList;
			buildConfigurations = (
				CF238C9C1D3DDB9B006AA2E3 /* Debug */,
				CF238C9D1D3DDB9B006AA2E3 /* Release */,
			);
			defaultConfigurationIsVisible = 0;
			defaultConfigurationName = Release;
		};
/* End XCConfigurationList section */
	};
	rootObject = CF238C7C1D3DDB9B006AA2E3 /* Project object */;
}
